SITE
  remote: http://community.opscode.com/api/v1
  specs:
    apt (5.0.1)
      compat_resource (>= 12.16.3)
    ark (2.2.1)
      build-essential (>= 0.0.0)
      seven_zip (>= 0.0.0)
      windows (>= 0.0.0)
    build-essential (7.0.3)
      compat_resource (>= 12.16.3)
      mingw (>= 1.1)
      seven_zip (>= 0.0.0)
    compat_resource (12.16.3)
    homebrew (3.0.0)
    ipaddr_extensions (0.3.1)
    mingw (1.2.5)
      compat_resource (>= 12.16.3)
      seven_zip (>= 0.0.0)
    nodejs (3.0.0)
      apt (>= 2.9.1)
      ark (>= 0.0.0)
      build-essential (>= 0.0.0)
      homebrew (>= 0.0.0)
      yum-epel (>= 0.0.0)
    ohai (4.2.3)
      compat_resource (>= 12.14.7)
    paths (0.3.0)
    postgres (2.17.3)
      build-essential (>= 0.0.0)
      ipaddr_extensions (>= 0.0.0)
      paths (>= 0.0.0)
      rbac (>= 0.0.0)
      resource-control (>= 0.0.0)
      smf (>= 2.0.1)
    rbac (1.0.3)
    resource-control (0.1.2)
    ruby_build (1.0.0)
      yum-epel (>= 0.0.0)
    seven_zip (2.0.2)
      windows (>= 1.2.2)
    smf (2.2.8)
      rbac (>= 1.0.1)
    vim (2.0.2)
    windows (2.1.1)
      ohai (>= 4.0.0)
    yum-epel (2.1.1)
      compat_resource (>= 12.16.3)

GIT
  remote: https://github.com/aminin/chef-rbenv
  ref: master
  sha: 61d0a7c5bf66638d4f155f39316e689205c43cbe
  specs:
    rbenv (0.7.3)

DEPENDENCIES
  apt (>= 0)
  build-essential (>= 0)
  nodejs (>= 0)
  postgres (= 2.17.3)
  rbenv (>= 0)
  ruby_build (>= 0)
  vim (>= 0)

